
Microsoft Visual Studio Solution File, Format Version 12.00
# Visual Studio Version 16
VisualStudioVersion = 16.0.30523.141
MinimumVisualStudioVersion = 10.0.40219.1
Project("{FAE04EC0-301F-11D3-BF4B-00C04F79EFBC}") = "localizaBaba.Web", "localizaBaba.Web.csproj", "{C4131611-CD7B-4326-ACB3-4E1397FD9A13}"
EndProject
Global
	GlobalSection(SolutionConfigurationPlatforms) = preSolution
		Debug|Any CPU = Debug|Any CPU
		Release|Any CPU = Release|Any CPU
	EndGlobalSection
	GlobalSection(ProjectConfigurationPlatforms) = postSolution
		{C4131611-CD7B-4326-ACB3-4E1397FD9A13}.Debug|Any CPU.ActiveCfg = Debug|Any CPU
		{C4131611-CD7B-4326-ACB3-4E1397FD9A13}.Debug|Any CPU.Build.0 = Debug|Any CPU
		{C4131611-CD7B-4326-ACB3-4E1397FD9A13}.Release|Any CPU.ActiveCfg = Release|Any CPU
		{C4131611-CD7B-4326-ACB3-4E1397FD9A13}.Release|Any CPU.Build.0 = Release|Any CPU
	EndGlobalSection
	GlobalSection(SolutionProperties) = preSolution
		HideSolutionNode = FALSE
	EndGlobalSection
	GlobalSection(ExtensibilityGlobals) = postSolution
		SolutionGuid = {02443361-180F-44EE-96D2-80B165951910}
	EndGlobalSection
EndGlobal
